// !$*UTF8*$!
{
	archiveVersion = 1;
	classes = {
	};
	objectVersion = 56;
	objects = {

/* Begin PBXBuildFile section */
		B10000000000000000000040 /* AppModel.swift in Sources */ = {isa = PBXBuildFile; fileRef = B10000000000000000000020 /* AppModel.swift */; };
		B10000000000000000000041 /* AppShellView.swift in Sources */ = {isa = PBXBuildFile; fileRef = B10000000000000000000021 /* AppShellView.swift */; };
		B10000000000000000000042 /* CourseView.swift in Sources */ = {isa = PBXBuildFile; fileRef = B10000000000000000000022 /* CourseView.swift */; };
		B10000000000000000000043 /* Curriculum.swift in Sources */ = {isa = PBXBuildFile; fileRef = B10000000000000000000023 /* Curriculum.swift */; };
		B10000000000000000000044 /* DesignSystem.swift in Sources */ = {isa = PBXBuildFile; fileRef = B10000000000000000000024 /* DesignSystem.swift */; };
		B10000000000000000000045 /* LessonSessionView.swift in Sources */ = {isa = PBXBuildFile; fileRef = B10000000000000000000025 /* LessonSessionView.swift */; };
		B10000000000000000000046 /* Models.swift in Sources */ = {isa = PBXBuildFile; fileRef = B10000000000000000000026 /* Models.swift */; };
		B10000000000000000000047 /* PesaHindiApp.swift in Sources */ = {isa = PBXBuildFile; fileRef = B10000000000000000000027 /* PesaHindiApp.swift */; };
		B10000000000000000000048 /* ProgressDashboardView.swift in Sources */ = {isa = PBXBuildFile; fileRef = B10000000000000000000028 /* ProgressDashboardView.swift */; };
		B10000000000000000000049 /* RoleplayView.swift in Sources */ = {isa = PBXBuildFile; fileRef = B10000000000000000000029 /* RoleplayView.swift */; };
		B1000000000000000000004A /* SpeakView.swift in Sources */ = {isa = PBXBuildFile; fileRef = B1000000000000000000002A /* SpeakView.swift */; };
		B1000000000000000000004B /* SpeechService.swift in Sources */ = {isa = PBXBuildFile; fileRef = B1000000000000000000002B /* SpeechService.swift */; };
		B1000000000000000000004C /* TodayView.swift in Sources */ = {isa = PBXBuildFile; fileRef = B1000000000000000000002C /* TodayView.swift */; };
		B1000000000000000000004D /* PesaHindiTests.swift in Sources */ = {isa = PBXBuildFile; fileRef = B10000000000000000000031 /* PesaHindiTests.swift */; };
		B1000000000000000000004E /* Assets.xcassets in Resources */ = {isa = PBXBuildFile; fileRef = B10000000000000000000009 /* Assets.xcassets */; };
		B1000000000000000000004F /* Audio in Resources */ = {isa = PBXBuildFile; fileRef = B10000000000000000000008 /* Audio */; };
		C10000000000000000000001 /* HindiSpeechText.swift in Sources */ = {isa = PBXBuildFile; fileRef = C10000000000000000000002 /* HindiSpeechText.swift */; };
/* End PBXBuildFile section */

/* Begin PBXFileReference section */
		B10000000000000000000004 /* PesaHindi.app */ = {isa = PBXFileReference; explicitFileType = wrapper.application; includeInIndex = 0; path = PesaHindi.app; sourceTree = BUILT_PRODUCTS_DIR; };
		B10000000000000000000005 /* PesaHindiTests.xctest */ = {isa = PBXFileReference; explicitFileType = wrapper.cfbundle; includeInIndex = 0; path = PesaHindiTests.xctest; sourceTree = BUILT_PRODUCTS_DIR; };
		B10000000000000000000008 /* Audio */ = {isa = PBXFileReference; lastKnownFileType = folder; path = Audio; sourceTree = "<group>"; };
		B10000000000000000000009 /* Assets.xcassets */ = {isa = PBXFileReference; lastKnownFileType = folder.assetcatalog; path = Assets.xcassets; sourceTree = "<group>"; };
		B1000000000000000000000A /* Info.plist */ = {isa = PBXFileReference; lastKnownFileType = text.plist.xml; path = Info.plist; sourceTree = "<group>"; };
		B1000000000000000000000B /* Tests Info.plist */ = {isa = PBXFileReference; lastKnownFileType = text.plist.xml; path = Info.plist; sourceTree = "<group>"; };
		B10000000000000000000020 /* AppModel.swift */ = {isa = PBXFileReference; lastKnownFileType = sourcecode.swift; path = AppModel.swift; sourceTree = "<group>"; };
		B10000000000000000000021 /* AppShellView.swift */ = {isa = PBXFileReference; lastKnownFileType = sourcecode.swift; path = AppShellView.swift; sourceTree = "<group>"; };
		B10000000000000000000022 /* CourseView.swift */ = {isa = PBXFileReference; lastKnownFileType = sourcecode.swift; path = CourseView.swift; sourceTree = "<group>"; };
		B10000000000000000000023 /* Curriculum.swift */ = {isa = PBXFileReference; lastKnownFileType = sourcecode.swift; path = Curriculum.swift; sourceTree = "<group>"; };
		B10000000000000000000024 /* DesignSystem.swift */ = {isa = PBXFileReference; lastKnownFileType = sourcecode.swift; path = DesignSystem.swift; sourceTree = "<group>"; };
		B10000000000000000000025 /* LessonSessionView.swift */ = {isa = PBXFileReference; lastKnownFileType = sourcecode.swift; path = LessonSessionView.swift; sourceTree = "<group>"; };
		B10000000000000000000026 /* Models.swift */ = {isa = PBXFileReference; lastKnownFileType = sourcecode.swift; path = Models.swift; sourceTree = "<group>"; };
		B10000000000000000000027 /* PesaHindiApp.swift */ = {isa = PBXFileReference; lastKnownFileType = sourcecode.swift; path = PesaHindiApp.swift; sourceTree = "<group>"; };
		B10000000000000000000028 /* ProgressDashboardView.swift */ = {isa = PBXFileReference; lastKnownFileType = sourcecode.swift; path = ProgressDashboardView.swift; sourceTree = "<group>"; };
		B10000000000000000000029 /* RoleplayView.swift */ = {isa = PBXFileReference; lastKnownFileType = sourcecode.swift; path = RoleplayView.swift; sourceTree = "<group>"; };
		B1000000000000000000002A /* SpeakView.swift */ = {isa = PBXFileReference; lastKnownFileType = sourcecode.swift; path = SpeakView.swift; sourceTree = "<group>"; };
		B1000000000000000000002B /* SpeechService.swift */ = {isa = PBXFileReference; lastKnownFileType = sourcecode.swift; path = SpeechService.swift; sourceTree = "<group>"; };
		B1000000000000000000002C /* TodayView.swift */ = {isa = PBXFileReference; lastKnownFileType = sourcecode.swift; path = TodayView.swift; sourceTree = "<group>"; };
		B10000000000000000000031 /* PesaHindiTests.swift */ = {isa = PBXFileReference; lastKnownFileType = sourcecode.swift; path = PesaHindiTests.swift; sourceTree = "<group>"; };
		C10000000000000000000002 /* HindiSpeechText.swift */ = {isa = PBXFileReference; lastKnownFileType = sourcecode.swift; path = HindiSpeechText.swift; sourceTree = "<group>"; };
/* End PBXFileReference section */

/* Begin PBXFrameworksBuildPhase section */
		B10000000000000000000050 /* Frameworks */ = {
			isa = PBXFrameworksBuildPhase;
			buildActionMask = 2147483647;
			files = (
			);
			runOnlyForDeploymentPostprocessing = 0;
		};
		B10000000000000000000051 /* Frameworks */ = {
			isa = PBXFrameworksBuildPhase;
			buildActionMask = 2147483647;
			files = (
			);
			runOnlyForDeploymentPostprocessing = 0;
		};
/* End PBXFrameworksBuildPhase section */

/* Begin PBXGroup section */
		B10000000000000000000006 = {
			isa = PBXGroup;
			children = (
				B10000000000000000000007 /* PesaHindi */,
				B1000000000000000000000C /* PesaHindiTests */,
				B1000000000000000000000D /* Products */,
			);
			sourceTree = "<group>";
		};
		B10000000000000000000007 /* PesaHindi */ = {
			isa = PBXGroup;
			children = (
				B10000000000000000000020 /* AppModel.swift */,
				B10000000000000000000021 /* AppShellView.swift */,
				B10000000000000000000022 /* CourseView.swift */,
				B10000000000000000000023 /* Curriculum.swift */,
				B10000000000000000000024 /* DesignSystem.swift */,
				B10000000000000000000025 /* LessonSessionView.swift */,
				B10000000000000000000026 /* Models.swift */,
				C10000000000000000000002 /* HindiSpeechText.swift */,
				B10000000000000000000027 /* PesaHindiApp.swift */,
				B10000000000000000000028 /* ProgressDashboardView.swift */,
				B10000000000000000000029 /* RoleplayView.swift */,
				B1000000000000000000002A /* SpeakView.swift */,
				B1000000000000000000002B /* SpeechService.swift */,
				B1000000000000000000002C /* TodayView.swift */,
				B10000000000000000000009 /* Assets.xcassets */,
				B10000000000000000000008 /* Audio */,
				B1000000000000000000000A /* Info.plist */,
			);
			path = PesaHindi;
			sourceTree = "<group>";
		};
		B1000000000000000000000C /* PesaHindiTests */ = {
			isa = PBXGroup;
			children = (
				B10000000000000000000031 /* PesaHindiTests.swift */,
				B1000000000000000000000B /* Tests Info.plist */,
			);
			path = PesaHindiTests;
			sourceTree = "<group>";
		};
		B1000000000000000000000D /* Products */ = {
			isa = PBXGroup;
			children = (
				B10000000000000000000004 /* PesaHindi.app */,
				B10000000000000000000005 /* PesaHindiTests.xctest */,
			);
			name = Products;
			sourceTree = "<group>";
		};
/* End PBXGroup section */

/* Begin PBXNativeTarget section */
		B10000000000000000000002 /* PesaHindi */ = {
			isa = PBXNativeTarget;
			buildConfigurationList = B100000000000000000000F1 /* Build configuration list for PBXNativeTarget "PesaHindi" */;
			buildPhases = (
				B10000000000000000000060 /* Sources */,
				B10000000000000000000050 /* Frameworks */,
				B10000000000000000000061 /* Resources */,
			);
			buildRules = (
			);
			dependencies = (
			);
			name = PesaHindi;
			productName = PesaHindi;
			productReference = B10000000000000000000004 /* PesaHindi.app */;
			productType = "com.apple.product-type.application";
		};
		B10000000000000000000003 /* PesaHindiTests */ = {
			isa = PBXNativeTarget;
			buildConfigurationList = B100000000000000000000F2 /* Build configuration list for PBXNativeTarget "PesaHindiTests" */;
			buildPhases = (
				B10000000000000000000062 /* Sources */,
				B10000000000000000000051 /* Frameworks */,
				B10000000000000000000063 /* Resources */,
			);
			buildRules = (
			);
			dependencies = (
				B10000000000000000000070 /* PBXTargetDependency */,
			);
			name = PesaHindiTests;
			productName = PesaHindiTests;
			productReference = B10000000000000000000005 /* PesaHindiTests.xctest */;
			productType = "com.apple.product-type.bundle.unit-test";
		};
/* End PBXNativeTarget section */

/* Begin PBXProject section */
		B10000000000000000000001 /* Project object */ = {
			isa = PBXProject;
			attributes = {
				BuildIndependentTargetsInParallel = 1;
				LastUpgradeCheck = 1600;
				TargetAttributes = {
					B10000000000000000000002 = {
						CreatedOnToolsVersion = 16.0;
					};
					B10000000000000000000003 = {
						CreatedOnToolsVersion = 16.0;
						TestTargetID = B10000000000000000000002;
					};
				};
			};
			buildConfigurationList = B100000000000000000000F3 /* Build configuration list for PBXProject "PesaHindi" */;
			compatibilityVersion = "Xcode 14.0";
			developmentRegion = en;
			hasScannedForEncodings = 0;
			knownRegions = (
				en,
				Base,
			);
			mainGroup = B10000000000000000000006;
			productRefGroup = B1000000000000000000000D /* Products */;
			projectDirPath = "";
			projectRoot = "";
			targets = (
				B10000000000000000000002 /* PesaHindi */,
				B10000000000000000000003 /* PesaHindiTests */,
			);
		};
/* End PBXProject section */

/* Begin PBXResourcesBuildPhase section */
		B10000000000000000000061 /* Resources */ = {
			isa = PBXResourcesBuildPhase;
			buildActionMask = 2147483647;
			files = (
				B1000000000000000000004E /* Assets.xcassets in Resources */,
				B1000000000000000000004F /* Audio in Resources */,
			);
			runOnlyForDeploymentPostprocessing = 0;
		};
		B10000000000000000000063 /* Resources */ = {
			isa = PBXResourcesBuildPhase;
			buildActionMask = 2147483647;
			files = (
			);
			runOnlyForDeploymentPostprocessing = 0;
		};
/* End PBXResourcesBuildPhase section */

/* Begin PBXTargetDependency section */
		B10000000000000000000070 /* PBXTargetDependency */ = {
			isa = PBXTargetDependency;
			target = B10000000000000000000002 /* PesaHindi */;
			targetProxy = B10000000000000000000071 /* PBXContainerItemProxy */;
		};
/* End PBXTargetDependency section */

/* Begin PBXContainerItemProxy section */
		B10000000000000000000071 /* PBXContainerItemProxy */ = {
			isa = PBXContainerItemProxy;
			containerPortal = B10000000000000000000001 /* Project object */;
			proxyType = 1;
			remoteGlobalIDString = B10000000000000000000002;
			remoteInfo = PesaHindi;
		};
/* End PBXContainerItemProxy section */

/* Begin PBXSourcesBuildPhase section */
		B10000000000000000000060 /* Sources */ = {
			isa = PBXSourcesBuildPhase;
			buildActionMask = 2147483647;
			files = (
				B10000000000000000000040 /* AppModel.swift in Sources */,
				B10000000000000000000041 /* AppShellView.swift in Sources */,
				B10000000000000000000042 /* CourseView.swift in Sources */,
				B10000000000000000000043 /* Curriculum.swift in Sources */,
				B10000000000000000000044 /* DesignSystem.swift in Sources */,
				B10000000000000000000045 /* LessonSessionView.swift in Sources */,
				B10000000000000000000046 /* Models.swift in Sources */,
				C10000000000000000000001 /* HindiSpeechText.swift in Sources */,
				B10000000000000000000047 /* PesaHindiApp.swift in Sources */,
				B10000000000000000000048 /* ProgressDashboardView.swift in Sources */,
				B10000000000000000000049 /* RoleplayView.swift in Sources */,
				B1000000000000000000004A /* SpeakView.swift in Sources */,
				B1000000000000000000004B /* SpeechService.swift in Sources */,
				B1000000000000000000004C /* TodayView.swift in Sources */,
			);
			runOnlyForDeploymentPostprocessing = 0;
		};
		B10000000000000000000062 /* Sources */ = {
			isa = PBXSourcesBuildPhase;
			buildActionMask = 2147483647;
			files = (
				B1000000000000000000004D /* PesaHindiTests.swift in Sources */,
			);
			runOnlyForDeploymentPostprocessing = 0;
		};
/* End PBXSourcesBuildPhase section */

/* Begin XCBuildConfiguration section */
		B100000000000000000000D1 /* Debug */ = {
			isa = XCBuildConfiguration;
			buildSettings = {
				ALWAYS_SEARCH_USER_PATHS = NO;
				CLANG_ENABLE_MODULES = YES;
				CLANG_ENABLE_OBJC_ARC = YES;
				IPHONEOS_DEPLOYMENT_TARGET = 16.0;
				SWIFT_VERSION = 5.0;
			};
			name = Debug;
		};
		B100000000000000000000D2 /* Release */ = {
			isa = XCBuildConfiguration;
			buildSettings = {
				ALWAYS_SEARCH_USER_PATHS = NO;
				CLANG_ENABLE_MODULES = YES;
				CLANG_ENABLE_OBJC_ARC = YES;
				IPHONEOS_DEPLOYMENT_TARGET = 16.0;
				SWIFT_VERSION = 5.0;
			};
			name = Release;
		};
		B100000000000000000000E1 /* Debug */ = {
			isa = XCBuildConfiguration;
			buildSettings = {
				ASSETCATALOG_COMPILER_GLOBAL_ACCENT_COLOR_NAME = AccentColor;
				CLANG_ENABLE_MODULES = YES;
				CODE_SIGN_STYLE = Automatic;
				CURRENT_PROJECT_VERSION = 1;
				GENERATE_INFOPLIST_FILE = NO;
				INFOPLIST_FILE = PesaHindi/Info.plist;
				IPHONEOS_DEPLOYMENT_TARGET = 16.0;
				LD_RUNPATH_SEARCH_PATHS = (
					"$(inherited)",
					"@executable_path/Frameworks",
				);
				PRODUCT_BUNDLE_IDENTIFIER = com.pesahindi.app;
				PRODUCT_NAME = "$(TARGET_NAME)";
				SWIFT_EMIT_LOC_STRINGS = YES;
				SWIFT_OPTIMIZATION_LEVEL = "-Onone";
				SWIFT_STRICT_CONCURRENCY = minimal;
				SWIFT_VERSION = 5.0;
				TARGETED_DEVICE_FAMILY = "1,2";
			};
			name = Debug;
		};
		B100000000000000000000E2 /* Release */ = {
			isa = XCBuildConfiguration;
			buildSettings = {
				ASSETCATALOG_COMPILER_GLOBAL_ACCENT_COLOR_NAME = AccentColor;
				CLANG_ENABLE_MODULES = YES;
				CODE_SIGN_STYLE = Automatic;
				CURRENT_PROJECT_VERSION = 1;
				GENERATE_INFOPLIST_FILE = NO;
				INFOPLIST_FILE = PesaHindi/Info.plist;
				IPHONEOS_DEPLOYMENT_TARGET = 16.0;
				LD_RUNPATH_SEARCH_PATHS = (
					"$(inherited)",
					"@executable_path/Frameworks",
				);
				PRODUCT_BUNDLE_IDENTIFIER = com.pesahindi.app;
				PRODUCT_NAME = "$(TARGET_NAME)";
				SWIFT_EMIT_LOC_STRINGS = YES;
				SWIFT_OPTIMIZATION_LEVEL = "-O";
				SWIFT_STRICT_CONCURRENCY = minimal;
				SWIFT_VERSION = 5.0;
				TARGETED_DEVICE_FAMILY = "1,2";
			};
			name = Release;
		};
		B100000000000000000000C1 /* Debug */ = {
			isa = XCBuildConfiguration;
			buildSettings = {
				BUNDLE_LOADER = "$(TEST_HOST)";
				CLANG_ENABLE_MODULES = YES;
				CODE_SIGN_STYLE = Automatic;
				CURRENT_PROJECT_VERSION = 1;
				GENERATE_INFOPLIST_FILE = NO;
				INFOPLIST_FILE = PesaHindiTests/Info.plist;
				IPHONEOS_DEPLOYMENT_TARGET = 16.0;
				PRODUCT_BUNDLE_IDENTIFIER = com.pesahindi.app.tests;
				PRODUCT_NAME = "$(TARGET_NAME)";
				SWIFT_OPTIMIZATION_LEVEL = "-Onone";
				SWIFT_VERSION = 5.0;
				TARGETED_DEVICE_FAMILY = "1,2";
				TEST_HOST = "$(BUILT_PRODUCTS_DIR)/PesaHindi.app/PesaHindi";
			};
			name = Debug;
		};
		B100000000000000000000C2 /* Release */ = {
			isa = XCBuildConfiguration;
			buildSettings = {
				BUNDLE_LOADER = "$(TEST_HOST)";
				CLANG_ENABLE_MODULES = YES;
				CODE_SIGN_STYLE = Automatic;
				CURRENT_PROJECT_VERSION = 1;
				GENERATE_INFOPLIST_FILE = NO;
				INFOPLIST_FILE = PesaHindiTests/Info.plist;
				IPHONEOS_DEPLOYMENT_TARGET = 16.0;
				PRODUCT_BUNDLE_IDENTIFIER = com.pesahindi.app.tests;
				PRODUCT_NAME = "$(TARGET_NAME)";
				SWIFT_OPTIMIZATION_LEVEL = "-O";
				SWIFT_VERSION = 5.0;
				TARGETED_DEVICE_FAMILY = "1,2";
				TEST_HOST = "$(BUILT_PRODUCTS_DIR)/PesaHindi.app/PesaHindi";
			};
			name = Release;
		};
/* End XCBuildConfiguration section */

/* Begin XCConfigurationList section */
		B100000000000000000000F1 /* Build configuration list for PBXNativeTarget "PesaHindi" */ = {
			isa = XCConfigurationList;
			buildConfigurations = (
				B100000000000000000000E1 /* Debug */,
				B100000000000000000000E2 /* Release */,
			);
			defaultConfigurationIsVisible = 0;
			defaultConfigurationName = Release;
		};
		B100000000000000000000F2 /* Build configuration list for PBXNativeTarget "PesaHindiTests" */ = {
			isa = XCConfigurationList;
			buildConfigurations = (
				B100000000000000000000C1 /* Debug */,
				B100000000000000000000C2 /* Release */,
			);
			defaultConfigurationIsVisible = 0;
			defaultConfigurationName = Release;
		};
		B100000000000000000000F3 /* Build configuration list for PBXProject "PesaHindi" */ = {
			isa = XCConfigurationList;
			buildConfigurations = (
				B100000000000000000000D1 /* Debug */,
				B100000000000000000000D2 /* Release */,
			);
			defaultConfigurationIsVisible = 0;
			defaultConfigurationName = Release;
		};
/* End XCConfigurationList section */
	};
	rootObject = B10000000000000000000001 /* Project object */;
}

